
Microsoft Visual Studio Solution File, Format Version 12.00
# Visual Studio Version 16
VisualStudioVersion = 16.0.33328.57
MinimumVisualStudioVersion = 10.0.40219.1
Project("{FAE04EC0-301F-11D3-BF4B-00C04F79EFBC}") = "Control_de_servicios_automoviles", "Control_de_servicios_automoviles\Control_de_servicios_automoviles.csproj", "{8E86489E-A666-479E-85F5-7EC65C9A804E}"
EndProject
Global
	GlobalSection(SolutionConfigurationPlatforms) = preSolution
		Debug|Any CPU = Debug|Any CPU
		Release|Any CPU = Release|Any CPU
	EndGlobalSection
	GlobalSection(ProjectConfigurationPlatforms) = postSolution
		{8E86489E-A666-479E-85F5-7EC65C9A804E}.Debug|Any CPU.ActiveCfg = Debug|Any CPU
		{8E86489E-A666-479E-85F5-7EC65C9A804E}.Debug|Any CPU.Build.0 = Debug|Any CPU
		{8E86489E-A666-479E-85F5-7EC65C9A804E}.Release|Any CPU.ActiveCfg = Release|Any CPU
		{8E86489E-A666-479E-85F5-7EC65C9A804E}.Release|Any CPU.Build.0 = Release|Any CPU
	EndGlobalSection
	GlobalSection(SolutionProperties) = preSolution
		HideSolutionNode = FALSE
	EndGlobalSection
	GlobalSection(ExtensibilityGlobals) = postSolution
		SolutionGuid = {20CB182E-F74F-4EF7-9922-4AB7A09C5085}
	EndGlobalSection
EndGlobal
